
Microsoft Visual Studio Solution File, Format Version 12.00
# Visual Studio 15
VisualStudioVersion = 15.0.27130.2010
MinimumVisualStudioVersion = 10.0.40219.1
Project("{FAE04EC0-301F-11D3-BF4B-00C04F79EFBC}") = "MvcMovie", "MvcMovie\MvcMovie.csproj", "{86093ED5-2E1C-4BF6-B1ED-937E6D995DAD}"
EndProject
Global
	GlobalSection(SolutionConfigurationPlatforms) = preSolution
		Debug|Any CPU = Debug|Any CPU
		Release|Any CPU = Release|Any CPU
	EndGlobalSection
	GlobalSection(ProjectConfigurationPlatforms) = postSolution
		{86093ED5-2E1C-4BF6-B1ED-937E6D995DAD}.Debug|Any CPU.ActiveCfg = Debug|Any CPU
		{86093ED5-2E1C-4BF6-B1ED-937E6D995DAD}.Debug|Any CPU.Build.0 = Debug|Any CPU
		{86093ED5-2E1C-4BF6-B1ED-937E6D995DAD}.Release|Any CPU.ActiveCfg = Release|Any CPU
		{86093ED5-2E1C-4BF6-B1ED-937E6D995DAD}.Release|Any CPU.Build.0 = Release|Any CPU
	EndGlobalSection
	GlobalSection(SolutionProperties) = preSolution
		HideSolutionNode = FALSE
	EndGlobalSection
	GlobalSection(ExtensibilityGlobals) = postSolution
		SolutionGuid = {0D54BA2D-D707-4929-8D92-2641CC58227C}
	EndGlobalSection
EndGlobal
